{
  "nodes": {
    "advisory-db": {
      "flake": false,
      "locked": {
        "lastModified": 1710515894,
        "narHash": "sha256-tmQ9TMCb2jZY3jYdf53qIberkYV3dnUzdAYYK/NB+No=",
        "owner": "rustsec",
        "repo": "advisory-db",
        "rev": "369d98c1b95b7b56d0859605916d7b81a7d1f1c4",
        "type": "github"
      },
      "original": {
        "owner": "rustsec",
        "repo": "advisory-db",
        "type": "github"
      }
    },
    "agenix": {
      "inputs": {
        "darwin": "darwin",
        "home-manager": "home-manager",
        "nixpkgs": [
          "nixpkgs"
        ],
        "systems": "systems"
      },
      "locked": {
        "lastModified": 1723293904,
        "narHash": "sha256-b+uqzj+Wa6xgMS9aNbX4I+sXeb5biPDi39VgvSFqFvU=",
        "owner": "ryantm",
        "repo": "agenix",
        "rev": "f6291c5935fdc4e0bef208cfc0dcab7e3f7a1c41",
        "type": "github"
      },
      "original": {
        "owner": "ryantm",
        "repo": "agenix",
        "type": "github"
      }
    },
    "buildbot-nix": {
      "inputs": {
        "flake-parts": "flake-parts",
        "nixpkgs": [
          "nixpkgs"
        ],
        "treefmt-nix": "treefmt-nix"
      },
      "locked": {
        "lastModified": 1724082056,
        "narHash": "sha256-GFyyD5u5N9K6McEB+lMInWEf9zBmOwW+QmJkC+/P4Nw=",
        "owner": "Mic92",
        "repo": "buildbot-nix",
        "rev": "2838e2a5ad50fd4a26c7f453a78050ca9c14d943",
        "type": "github"
      },
      "original": {
        "owner": "Mic92",
        "repo": "buildbot-nix",
        "type": "github"
      }
    },
    "catppuccin": {
      "locked": {
        "lastModified": 1724048768,
        "narHash": "sha256-OZ9OXsPQi+fNdMM7SBPtU8OB1ntLzOvUwA/3zYJY6Eo=",
        "owner": "catppuccin",
        "repo": "nix",
        "rev": "ff4128f8ea57879050145cf077a27b9d3a9cbf33",
        "type": "github"
      },
      "original": {
        "owner": "catppuccin",
        "repo": "nix",
        "type": "github"
      }
    },
    "crane": {
      "inputs": {
        "flake-compat": [
          "lanzaboote",
          "flake-compat"
        ],
        "flake-utils": [
          "lanzaboote",
          "flake-utils"
        ],
        "nixpkgs": [
          "lanzaboote",
          "nixpkgs"
        ],
        "rust-overlay": [
          "lanzaboote",
          "rust-overlay"
        ]
      },
      "locked": {
        "lastModified": 1681177078,
        "narHash": "sha256-ZNIjBDou2GOabcpctiQykEQVkI8BDwk7TyvlWlI4myE=",
        "owner": "ipetkov",
        "repo": "crane",
        "rev": "0c9f468ff00576577d83f5019a66c557ede5acf6",
        "type": "github"
      },
      "original": {
        "owner": "ipetkov",
        "repo": "crane",
        "type": "github"
      }
    },
    "crane_2": {
      "inputs": {
        "nixpkgs": [
          "nix-your-shell",
          "nixpkgs"
        ]
      },
      "locked": {
        "lastModified": 1710886643,
        "narHash": "sha256-saTZuv9YeZ9COHPuj8oedGdUwJZcbQ3vyRqe7NVJMsQ=",
        "owner": "ipetkov",
        "repo": "crane",
        "rev": "5bace74e9a65165c918205cf67ad3977fe79c584",
        "type": "github"
      },
      "original": {
        "owner": "ipetkov",
        "repo": "crane",
        "type": "github"
      }
    },
    "darwin": {
      "inputs": {
        "nixpkgs": [
          "agenix",
          "nixpkgs"
        ]
      },
      "locked": {
        "lastModified": 1700795494,
        "narHash": "sha256-gzGLZSiOhf155FW7262kdHo2YDeugp3VuIFb4/GGng0=",
        "owner": "lnl7",
        "repo": "nix-darwin",
        "rev": "4b9b83d5a92e8c1fbfd8eb27eda375908c11ec4d",
        "type": "github"
      },
      "original": {
        "owner": "lnl7",
        "ref": "master",
        "repo": "nix-darwin",
        "type": "github"
      }
    },
    "flake-compat": {
      "flake": false,
      "locked": {
        "lastModified": 1673956053,
        "narHash": "sha256-4gtG9iQuiKITOjNQQeQIpoIB6b16fm+504Ch3sNKLd8=",
        "owner": "edolstra",
        "repo": "flake-compat",
        "rev": "35bb57c0c8d8b62bbfd284272c928ceb64ddbde9",
        "type": "github"
      },
      "original": {
        "owner": "edolstra",
        "repo": "flake-compat",
        "type": "github"
      }
    },
    "flake-compat_2": {
      "flake": false,
      "locked": {
        "lastModified": 1696426674,
        "narHash": "sha256-kvjfFW7WAETZlt09AgDn1MrtKzP7t90Vf7vypd3OL1U=",
        "owner": "edolstra",
        "repo": "flake-compat",
        "rev": "0f9255e01c2351cc7d116c072cb317785dd33b33",
        "type": "github"
      },
      "original": {
        "owner": "edolstra",
        "repo": "flake-compat",
        "type": "github"
      }
    },
    "flake-parts": {
      "inputs": {
        "nixpkgs-lib": [
          "buildbot-nix",
          "nixpkgs"
        ]
      },
      "locked": {
        "lastModified": 1722555600,
        "narHash": "sha256-XOQkdLafnb/p9ij77byFQjDf5m5QYl9b2REiVClC+x4=",
        "owner": "hercules-ci",
        "repo": "flake-parts",
        "rev": "8471fe90ad337a8074e957b69ca4d0089218391d",
        "type": "github"
      },
      "original": {
        "owner": "hercules-ci",
        "repo": "flake-parts",
        "type": "github"
      }
    },
    "flake-parts_2": {
      "inputs": {
        "nixpkgs-lib": [
          "lanzaboote",
          "nixpkgs"
        ]
      },
      "locked": {
        "lastModified": 1680392223,
        "narHash": "sha256-n3g7QFr85lDODKt250rkZj2IFS3i4/8HBU2yKHO3tqw=",
        "owner": "hercules-ci",
        "repo": "flake-parts",
        "rev": "dcc36e45d054d7bb554c9cdab69093debd91a0b5",
        "type": "github"
      },
      "original": {
        "owner": "hercules-ci",
        "repo": "flake-parts",
        "type": "github"
      }
    },
    "flake-utils": {
      "inputs": {
        "systems": "systems_2"
      },
      "locked": {
        "lastModified": 1681202837,
        "narHash": "sha256-H+Rh19JDwRtpVPAWp64F+rlEtxUWBAQW28eAi3SRSzg=",
        "owner": "numtide",
        "repo": "flake-utils",
        "rev": "cfacdce06f30d2b68473a46042957675eebb3401",
        "type": "github"
      },
      "original": {
        "owner": "numtide",
        "repo": "flake-utils",
        "type": "github"
      }
    },
    "gitignore": {
      "inputs": {
        "nixpkgs": [
          "lanzaboote",
          "pre-commit-hooks-nix",
          "nixpkgs"
        ]
      },
      "locked": {
        "lastModified": 1660459072,
        "narHash": "sha256-8DFJjXG8zqoONA1vXtgeKXy68KdJL5UaXR8NtVMUbx8=",
        "owner": "hercules-ci",
        "repo": "gitignore.nix",
        "rev": "a20de23b925fd8264fd7fad6454652e142fd7f73",
        "type": "github"
      },
      "original": {
        "owner": "hercules-ci",
        "repo": "gitignore.nix",
        "type": "github"
      }
    },
    "home-manager": {
      "inputs": {
        "nixpkgs": [
          "agenix",
          "nixpkgs"
        ]
      },
      "locked": {
        "lastModified": 1703113217,
        "narHash": "sha256-7ulcXOk63TIT2lVDSExj7XzFx09LpdSAPtvgtM7yQPE=",
        "owner": "nix-community",
        "repo": "home-manager",
        "rev": "3bfaacf46133c037bb356193bd2f1765d9dc82c1",
        "type": "github"
      },
      "original": {
        "owner": "nix-community",
        "repo": "home-manager",
        "type": "github"
      }
    },
    "home-manager_2": {
      "inputs": {
        "nixpkgs": [
          "nixpkgs"
        ]
      },
      "locked": {
        "lastModified": 1724110213,
        "narHash": "sha256-k+UDtlD1kZJ8f1UChZKELmo/Qab14t9+jBIfKsDVroI=",
        "owner": "philipwilk",
        "repo": "home-manager",
        "rev": "ecdd084bf8c3e93b324517097ed3f9da9180f83d",
        "type": "github"
      },
      "original": {
        "owner": "philipwilk",
        "ref": "kakoune-themes",
        "repo": "home-manager",
        "type": "github"
      }
    },
    "lanzaboote": {
      "inputs": {
        "crane": "crane",
        "flake-compat": "flake-compat",
        "flake-parts": "flake-parts_2",
        "flake-utils": "flake-utils",
        "nixpkgs": [
          "nixpkgs"
        ],
        "pre-commit-hooks-nix": "pre-commit-hooks-nix",
        "rust-overlay": "rust-overlay"
      },
      "locked": {
        "lastModified": 1682802423,
        "narHash": "sha256-Fb5TeRTdvUlo/5Yi2d+FC8a6KoRLk2h1VE0/peMhWPs=",
        "owner": "nix-community",
        "repo": "lanzaboote",
        "rev": "64b903ca87d18cef2752c19c098af275c6e51d63",
        "type": "github"
      },
      "original": {
        "owner": "nix-community",
        "ref": "v0.3.0",
        "repo": "lanzaboote",
        "type": "github"
      }
    },
    "nix-matlab": {
      "inputs": {
        "flake-compat": "flake-compat_2",
        "nixpkgs": [
          "nixpkgs"
        ]
      },
      "locked": {
        "lastModified": 1724079699,
        "narHash": "sha256-64RvhoiUaJvAxW1OYxKWrjOaVCAD7uTveKBKxiDR5XM=",
        "owner": "doronbehar",
        "repo": "nix-matlab",
        "rev": "575f50e9cff1679fcb792aa6587aaa04b46abe60",
        "type": "gitlab"
      },
      "original": {
        "owner": "doronbehar",
        "repo": "nix-matlab",
        "type": "gitlab"
      }
    },
    "nix-your-shell": {
      "inputs": {
        "advisory-db": "advisory-db",
        "crane": "crane_2",
        "nixpkgs": [
          "nixpkgs"
        ],
        "systems": "systems_3"
      },
      "locked": {
        "lastModified": 1717612968,
        "narHash": "sha256-aOBFbhPW0Y9TyXL0Peb9V1ZcPw/0QqdsFMTZ1W/+KeM=",
        "owner": "MercuryTechnologies",
        "repo": "nix-your-shell",
        "rev": "8d55e745700207b54f1432e942351881804b4721",
        "type": "github"
      },
      "original": {
        "owner": "MercuryTechnologies",
        "repo": "nix-your-shell",
        "type": "github"
      }
    },
    "nixlib": {
      "locked": {
        "lastModified": 1723942470,
        "narHash": "sha256-QdSArN0xKESEOTcv+3kE6yu4B4WX9lupZ4+Htx3RXGg=",
        "owner": "nix-community",
        "repo": "nixpkgs.lib",
        "rev": "531a2e8416a6d8200a53eddfbdb8f2c8dc4a1251",
        "type": "github"
      },
      "original": {
        "owner": "nix-community",
        "repo": "nixpkgs.lib",
        "type": "github"
      }
    },
    "nixos-generators": {
      "inputs": {
        "nixlib": "nixlib",
        "nixpkgs": [
          "nixpkgs"
        ]
      },
      "locked": {
        "lastModified": 1724028932,
        "narHash": "sha256-U11ZiQPrpIBdv7oS23bNdX9GCxe/hPf/ARr64P2Wj1Y=",
        "owner": "nix-community",
        "repo": "nixos-generators",
        "rev": "5fd22603892e4ec5ac6085058ed658243143aacd",
        "type": "github"
      },
      "original": {
        "owner": "nix-community",
        "repo": "nixos-generators",
        "type": "github"
      }
    },
    "nixpkgs": {
      "locked": {
        "lastModified": 1723991338,
        "narHash": "sha256-Grh5PF0+gootJfOJFenTTxDTYPidA3V28dqJ/WV7iis=",
        "owner": "NixOS",
        "repo": "nixpkgs",
        "rev": "8a3354191c0d7144db9756a74755672387b702ba",
        "type": "github"
      },
      "original": {
        "id": "nixpkgs",
        "ref": "nixos-unstable",
        "type": "indirect"
      }
    },
    "nixpkgs-stable": {
      "locked": {
        "lastModified": 1678872516,
        "narHash": "sha256-/E1YwtMtFAu2KUQKV/1+KFuReYPANM2Rzehk84VxVoc=",
        "owner": "NixOS",
        "repo": "nixpkgs",
        "rev": "9b8e5abb18324c7fe9f07cb100c3cd4a29cda8b8",
        "type": "github"
      },
      "original": {
        "owner": "NixOS",
        "ref": "nixos-22.11",
        "repo": "nixpkgs",
        "type": "github"
      }
    },
    "nixpkgs-stable_2": {
      "locked": {
        "lastModified": 1723938990,
        "narHash": "sha256-9tUadhnZQbWIiYVXH8ncfGXGvkNq3Hag4RCBEMUk7MI=",
        "owner": "NixOS",
        "repo": "nixpkgs",
        "rev": "c42fcfbdfeae23e68fc520f9182dde9f38ad1890",
        "type": "github"
      },
      "original": {
        "id": "nixpkgs",
        "ref": "nixos-24.05",
        "type": "indirect"
      }
    },
    "pre-commit-hooks-nix": {
      "inputs": {
        "flake-compat": [
          "lanzaboote",
          "flake-compat"
        ],
        "flake-utils": [
          "lanzaboote",
          "flake-utils"
        ],
        "gitignore": "gitignore",
        "nixpkgs": [
          "lanzaboote",
          "nixpkgs"
        ],
        "nixpkgs-stable": "nixpkgs-stable"
      },
      "locked": {
        "lastModified": 1681413034,
        "narHash": "sha256-/t7OjNQcNkeWeSq/CFLYVBfm+IEnkjoSm9iKvArnUUI=",
        "owner": "cachix",
        "repo": "pre-commit-hooks.nix",
        "rev": "d3de8f69ca88fb6f8b09e5b598be5ac98d28ede5",
        "type": "github"
      },
      "original": {
        "owner": "cachix",
        "repo": "pre-commit-hooks.nix",
        "type": "github"
      }
    },
    "root": {
      "inputs": {
        "agenix": "agenix",
        "buildbot-nix": "buildbot-nix",
        "catppuccin": "catppuccin",
        "home-manager": "home-manager_2",
        "lanzaboote": "lanzaboote",
        "nix-matlab": "nix-matlab",
        "nix-your-shell": "nix-your-shell",
        "nixos-generators": "nixos-generators",
        "nixpkgs": "nixpkgs",
        "nixpkgs-stable": "nixpkgs-stable_2"
      }
    },
    "rust-overlay": {
      "inputs": {
        "flake-utils": [
          "lanzaboote",
          "flake-utils"
        ],
        "nixpkgs": [
          "lanzaboote",
          "nixpkgs"
        ]
      },
      "locked": {
        "lastModified": 1682129965,
        "narHash": "sha256-1KRPIorEL6pLpJR04FwAqqnt4Tzcm4MqD84yhlD+XSk=",
        "owner": "oxalica",
        "repo": "rust-overlay",
        "rev": "2c417c0460b788328220120c698630947547ee83",
        "type": "github"
      },
      "original": {
        "owner": "oxalica",
        "repo": "rust-overlay",
        "type": "github"
      }
    },
    "systems": {
      "locked": {
        "lastModified": 1681028828,
        "narHash": "sha256-Vy1rq5AaRuLzOxct8nz4T6wlgyUR7zLU309k9mBC768=",
        "owner": "nix-systems",
        "repo": "default",
        "rev": "da67096a3b9bf56a91d16901293e51ba5b49a27e",
        "type": "github"
      },
      "original": {
        "owner": "nix-systems",
        "repo": "default",
        "type": "github"
      }
    },
    "systems_2": {
      "locked": {
        "lastModified": 1681028828,
        "narHash": "sha256-Vy1rq5AaRuLzOxct8nz4T6wlgyUR7zLU309k9mBC768=",
        "owner": "nix-systems",
        "repo": "default",
        "rev": "da67096a3b9bf56a91d16901293e51ba5b49a27e",
        "type": "github"
      },
      "original": {
        "owner": "nix-systems",
        "repo": "default",
        "type": "github"
      }
    },
    "systems_3": {
      "locked": {
        "lastModified": 1681028828,
        "narHash": "sha256-Vy1rq5AaRuLzOxct8nz4T6wlgyUR7zLU309k9mBC768=",
        "owner": "nix-systems",
        "repo": "default",
        "rev": "da67096a3b9bf56a91d16901293e51ba5b49a27e",
        "type": "github"
      },
      "original": {
        "owner": "nix-systems",
        "repo": "default",
        "type": "github"
      }
    },
    "treefmt-nix": {
      "inputs": {
        "nixpkgs": [
          "buildbot-nix",
          "nixpkgs"
        ]
      },
      "locked": {
        "lastModified": 1723808491,
        "narHash": "sha256-rhis3qNuGmJmYC/okT7Dkc4M8CeUuRCSvW6kC2f3hBc=",
        "owner": "numtide",
        "repo": "treefmt-nix",
        "rev": "1d07739554fdc4f8481068f1b11d6ab4c1a4167a",
        "type": "github"
      },
      "original": {
        "owner": "numtide",
        "repo": "treefmt-nix",
        "type": "github"
      }
    }
  },
  "root": "root",
  "version": 7
}
